// !$*UTF8*$!
{
	archiveVersion = 1;
	classes = {
	};
	objectVersion = 48;
	objects = {

/* Begin PBXBuildFile section */
		6AF2CBDD2077786C00167224 /* AppDelegate.swift in Sources */ = {isa = PBXBuildFile; fileRef = 6AF2CBDC2077786C00167224 /* AppDelegate.swift */; };
		6AF2CBDF2077786C00167224 /* ViewController.swift in Sources */ = {isa = PBXBuildFile; fileRef = 6AF2CBDE2077786C00167224 /* ViewController.swift */; };
		6AF2CBE22077786C00167224 /* Main.storyboard in Resources */ = {isa = PBXBuildFile; fileRef = 6AF2CBE02077786C00167224 /* Main.storyboard */; };
		6AF2CBE42077786C00167224 /* Assets.xcassets in Resources */ = {isa = PBXBuildFile; fileRef = 6AF2CBE32077786C00167224 /* Assets.xcassets */; };
		6AF2CBE72077786C00167224 /* LaunchScreen.storyboard in Resources */ = {isa = PBXBuildFile; fileRef = 6AF2CBE52077786C00167224 /* LaunchScreen.storyboard */; };
		6AF2CBF22077786D00167224 /* LabThingsTests.swift in Sources */ = {isa = PBXBuildFile; fileRef = 6AF2CBF12077786D00167224 /* LabThingsTests.swift */; };
		6AF2CBFD2077928000167224 /* FileUpload.swift in Sources */ = {isa = PBXBuildFile; fileRef = 6AF2CBFC2077928000167224 /* FileUpload.swift */; };
/* End PBXBuildFile section */

/* Begin PBXContainerItemProxy section */
		6AF2CBEE2077786D00167224 /* PBXContainerItemProxy */ = {
			isa = PBXContainerItemProxy;
			containerPortal = 6AF2CBD12077786C00167224 /* Project object */;
			proxyType = 1;
			remoteGlobalIDString = 6AF2CBD82077786C00167224;
			remoteInfo = LabThings;
		};
/* End PBXContainerItemProxy section */

/* Begin PBXFileReference section */
		6AF2CBD92077786C00167224 /* Lab6.app */ = {isa = PBXFileReference; explicitFileType = wrapper.application; includeInIndex = 0; path = Lab6.app; sourceTree = BUILT_PRODUCTS_DIR; };
		6AF2CBDC2077786C00167224 /* AppDelegate.swift */ = {isa = PBXFileReference; lastKnownFileType = sourcecode.swift; path = AppDelegate.swift; sourceTree = "<group>"; };
		6AF2CBDE2077786C00167224 /* ViewController.swift */ = {isa = PBXFileReference; lastKnownFileType = sourcecode.swift; path = ViewController.swift; sourceTree = "<group>"; };
		6AF2CBE12077786C00167224 /* Base */ = {isa = PBXFileReference; lastKnownFileType = file.storyboard; name = Base; path = Base.lproj/Main.storyboard; sourceTree = "<group>"; };
		6AF2CBE32077786C00167224 /* Assets.xcassets */ = {isa = PBXFileReference; lastKnownFileType = folder.assetcatalog; path = Assets.xcassets; sourceTree = "<group>"; };
		6AF2CBE62077786C00167224 /* Base */ = {isa = PBXFileReference; lastKnownFileType = file.storyboard; name = Base; path = Base.lproj/LaunchScreen.storyboard; sourceTree = "<group>"; };
		6AF2CBE82077786C00167224 /* Info.plist */ = {isa = PBXFileReference; lastKnownFileType = text.plist.xml; path = Info.plist; sourceTree = "<group>"; };
		6AF2CBED2077786D00167224 /* Lab6Tests.xctest */ = {isa = PBXFileReference; explicitFileType = wrapper.cfbundle; includeInIndex = 0; path = Lab6Tests.xctest; sourceTree = BUILT_PRODUCTS_DIR; };
		6AF2CBF12077786D00167224 /* LabThingsTests.swift */ = {isa = PBXFileReference; lastKnownFileType = sourcecode.swift; path = LabThingsTests.swift; sourceTree = "<group>"; };
		6AF2CBF32077786D00167224 /* Info.plist */ = {isa = PBXFileReference; lastKnownFileType = text.plist.xml; path = Info.plist; sourceTree = "<group>"; };
		6AF2CBFC2077928000167224 /* FileUpload.swift */ = {isa = PBXFileReference; lastKnownFileType = sourcecode.swift; path = FileUpload.swift; sourceTree = "<group>"; };
/* End PBXFileReference section */

/* Begin PBXFrameworksBuildPhase section */
		6AF2CBD62077786C00167224 /* Frameworks */ = {
			isa = PBXFrameworksBuildPhase;
			buildActionMask = 2147483647;
			files = (
			);
			runOnlyForDeploymentPostprocessing = 0;
		};
		6AF2CBEA2077786D00167224 /* Frameworks */ = {
			isa = PBXFrameworksBuildPhase;
			buildActionMask = 2147483647;
			files = (
			);
			runOnlyForDeploymentPostprocessing = 0;
		};
/* End PBXFrameworksBuildPhase section */

/* Begin PBXGroup section */
		6AF2CBD02077786C00167224 = {
			isa = PBXGroup;
			children = (
				6AF2CBDB2077786C00167224 /* Lab6 */,
				6AF2CBF02077786D00167224 /* Lab6Tests */,
				6AF2CBDA2077786C00167224 /* Products */,
			);
			sourceTree = "<group>";
		};
		6AF2CBDA2077786C00167224 /* Products */ = {
			isa = PBXGroup;
			children = (
				6AF2CBD92077786C00167224 /* Lab6.app */,
				6AF2CBED2077786D00167224 /* Lab6Tests.xctest */,
			);
			name = Products;
			sourceTree = "<group>";
		};
		6AF2CBDB2077786C00167224 /* Lab6 */ = {
			isa = PBXGroup;
			children = (
				6AF2CBDC2077786C00167224 /* AppDelegate.swift */,
				6AF2CBDE2077786C00167224 /* ViewController.swift */,
				6AF2CBE02077786C00167224 /* Main.storyboard */,
				6AF2CBE32077786C00167224 /* Assets.xcassets */,
				6AF2CBE52077786C00167224 /* LaunchScreen.storyboard */,
				6AF2CBE82077786C00167224 /* Info.plist */,
				6AF2CBFC2077928000167224 /* FileUpload.swift */,
			);
			path = Lab6;
			sourceTree = "<group>";
		};
		6AF2CBF02077786D00167224 /* Lab6Tests */ = {
			isa = PBXGroup;
			children = (
				6AF2CBF12077786D00167224 /* LabThingsTests.swift */,
				6AF2CBF32077786D00167224 /* Info.plist */,
			);
			path = Lab6Tests;
			sourceTree = "<group>";
		};
/* End PBXGroup section */

/* Begin PBXNativeTarget section */
		6AF2CBD82077786C00167224 /* Lab6 */ = {
			isa = PBXNativeTarget;
			buildConfigurationList = 6AF2CBF62077786D00167224 /* Build configuration list for PBXNativeTarget "Lab6" */;
			buildPhases = (
				6AF2CBD52077786C00167224 /* Sources */,
				6AF2CBD62077786C00167224 /* Frameworks */,
				6AF2CBD72077786C00167224 /* Resources */,
			);
			buildRules = (
			);
			dependencies = (
			);
			name = Lab6;
			productName = LabThings;
			productReference = 6AF2CBD92077786C00167224 /* Lab6.app */;
			productType = "com.apple.product-type.application";
		};
		6AF2CBEC2077786D00167224 /* Lab6Tests */ = {
			isa = PBXNativeTarget;
			buildConfigurationList = 6AF2CBF92077786D00167224 /* Build configuration list for PBXNativeTarget "Lab6Tests" */;
			buildPhases = (
				6AF2CBE92077786D00167224 /* Sources */,
				6AF2CBEA2077786D00167224 /* Frameworks */,
				6AF2CBEB2077786D00167224 /* Resources */,
			);
			buildRules = (
			);
			dependencies = (
				6AF2CBEF2077786D00167224 /* PBXTargetDependency */,
			);
			name = Lab6Tests;
			productName = LabThingsTests;
			productReference = 6AF2CBED2077786D00167224 /* Lab6Tests.xctest */;
			productType = "com.apple.product-type.bundle.unit-test";
		};
/* End PBXNativeTarget section */

/* Begin PBXProject section */
		6AF2CBD12077786C00167224 /* Project object */ = {
			isa = PBXProject;
			attributes = {
				LastSwiftUpdateCheck = 0920;
				LastUpgradeCheck = 0920;
				ORGANIZATIONNAME = "ilkka miettinen";
				TargetAttributes = {
					6AF2CBD82077786C00167224 = {
						CreatedOnToolsVersion = 9.2;
						ProvisioningStyle = Automatic;
					};
					6AF2CBEC2077786D00167224 = {
						CreatedOnToolsVersion = 9.2;
						ProvisioningStyle = Automatic;
						TestTargetID = 6AF2CBD82077786C00167224;
					};
				};
			};
			buildConfigurationList = 6AF2CBD42077786C00167224 /* Build configuration list for PBXProject "Lab6" */;
			compatibilityVersion = "Xcode 8.0";
			developmentRegion = en;
			hasScannedForEncodings = 0;
			knownRegions = (
				en,
				Base,
			);
			mainGroup = 6AF2CBD02077786C00167224;
			productRefGroup = 6AF2CBDA2077786C00167224 /* Products */;
			projectDirPath = "";
			projectRoot = "";
			targets = (
				6AF2CBD82077786C00167224 /* Lab6 */,
				6AF2CBEC2077786D00167224 /* Lab6Tests */,
			);
		};
/* End PBXProject section */

/* Begin PBXResourcesBuildPhase section */
		6AF2CBD72077786C00167224 /* Resources */ = {
			isa = PBXResourcesBuildPhase;
			buildActionMask = 2147483647;
			files = (
				6AF2CBE72077786C00167224 /* LaunchScreen.storyboard in Resources */,
				6AF2CBE42077786C00167224 /* Assets.xcassets in Resources */,
				6AF2CBE22077786C00167224 /* Main.storyboard in Resources */,
			);
			runOnlyForDeploymentPostprocessing = 0;
		};
		6AF2CBEB2077786D00167224 /* Resources */ = {
			isa = PBXResourcesBuildPhase;
			buildActionMask = 2147483647;
			files = (
			);
			runOnlyForDeploymentPostprocessing = 0;
		};
/* End PBXResourcesBuildPhase section */

/* Begin PBXSourcesBuildPhase section */
		6AF2CBD52077786C00167224 /* Sources */ = {
			isa = PBXSourcesBuildPhase;
			buildActionMask = 2147483647;
			files = (
				6AF2CBFD2077928000167224 /* FileUpload.swift in Sources */,
				6AF2CBDF2077786C00167224 /* ViewController.swift in Sources */,
				6AF2CBDD2077786C00167224 /* AppDelegate.swift in Sources */,
			);
			runOnlyForDeploymentPostprocessing = 0;
		};
		6AF2CBE92077786D00167224 /* Sources */ = {
			isa = PBXSourcesBuildPhase;
			buildActionMask = 2147483647;
			files = (
				6AF2CBF22077786D00167224 /* LabThingsTests.swift in Sources */,
			);
			runOnlyForDeploymentPostprocessing = 0;
		};
/* End PBXSourcesBuildPhase section */

/* Begin PBXTargetDependency section */
		6AF2CBEF2077786D00167224 /* PBXTargetDependency */ = {
			isa = PBXTargetDependency;
			target = 6AF2CBD82077786C00167224 /* Lab6 */;
			targetProxy = 6AF2CBEE2077786D00167224 /* PBXContainerItemProxy */;
		};
/* End PBXTargetDependency section */

/* Begin PBXVariantGroup section */
		6AF2CBE02077786C00167224 /* Main.storyboard */ = {
			isa = PBXVariantGroup;
			children = (
				6AF2CBE12077786C00167224 /* Base */,
			);
			name = Main.storyboard;
			sourceTree = "<group>";
		};
		6AF2CBE52077786C00167224 /* LaunchScreen.storyboard */ = {
			isa = PBXVariantGroup;
			children = (
				6AF2CBE62077786C00167224 /* Base */,
			);
			name = LaunchScreen.storyboard;
			sourceTree = "<group>";
		};
/* End PBXVariantGroup section */

/* Begin XCBuildConfiguration section */
		6AF2CBF42077786D00167224 /* Debug */ = {
			isa = XCBuildConfiguration;
			buildSettings = {
				ALWAYS_SEARCH_USER_PATHS = NO;
				CLANG_ANALYZER_NONNULL = YES;
				CLANG_ANALYZER_NUMBER_OBJECT_CONVERSION = YES_AGGRESSIVE;
				CLANG_CXX_LANGUAGE_STANDARD = "gnu++14";
				CLANG_CXX_LIBRARY = "libc++";
				CLANG_ENABLE_MODULES = YES;
				CLANG_ENABLE_OBJC_ARC = YES;
				CLANG_WARN_BLOCK_CAPTURE_AUTORELEASING = YES;
				CLANG_WARN_BOOL_CONVERSION = YES;
				CLANG_WARN_COMMA = YES;
				CLANG_WARN_CONSTANT_CONVERSION = YES;
				CLANG_WARN_DIRECT_OBJC_ISA_USAGE = YES_ERROR;
				CLANG_WARN_DOCUMENTATION_COMMENTS = YES;
				CLANG_WARN_EMPTY_BODY = YES;
				CLANG_WARN_ENUM_CONVERSION = YES;
				CLANG_WARN_INFINITE_RECURSION = YES;
				CLANG_WARN_INT_CONVERSION = YES;
				CLANG_WARN_NON_LITERAL_NULL_CONVERSION = YES;
				CLANG_WARN_OBJC_LITERAL_CONVERSION = YES;
				CLANG_WARN_OBJC_ROOT_CLASS = YES_ERROR;
				CLANG_WARN_RANGE_LOOP_ANALYSIS = YES;
				CLANG_WARN_STRICT_PROTOTYPES = YES;
				CLANG_WARN_SUSPICIOUS_MOVE = YES;
				CLANG_WARN_UNGUARDED_AVAILABILITY = YES_AGGRESSIVE;
				CLANG_WARN_UNREACHABLE_CODE = YES;
				CLANG_WARN__DUPLICATE_METHOD_MATCH = YES;
				CODE_SIGN_IDENTITY = "iPhone Developer";
				COPY_PHASE_STRIP = NO;
				DEBUG_INFORMATION_FORMAT = dwarf;
				ENABLE_STRICT_OBJC_MSGSEND = YES;
				ENABLE_TESTABILITY = YES;
				GCC_C_LANGUAGE_STANDARD = gnu11;
				GCC_DYNAMIC_NO_PIC = NO;
				GCC_NO_COMMON_BLOCKS = YES;
				GCC_OPTIMIZATION_LEVEL = 0;
				GCC_PREPROCESSOR_DEFINITIONS = (
					"DEBUG=1",
					"$(inherited)",
				);
				GCC_WARN_64_TO_32_BIT_CONVERSION = YES;
				GCC_WARN_ABOUT_RETURN_TYPE = YES_ERROR;
				GCC_WARN_UNDECLARED_SELECTOR = YES;
				GCC_WARN_UNINITIALIZED_AUTOS = YES_AGGRESSIVE;
				GCC_WARN_UNUSED_FUNCTION = YES;
				GCC_WARN_UNUSED_VARIABLE = YES;
				IPHONEOS_DEPLOYMENT_TARGET = 11.2;
				MTL_ENABLE_DEBUG_INFO = YES;
				ONLY_ACTIVE_ARCH = YES;
				SDKROOT = iphoneos;
				SWIFT_ACTIVE_COMPILATION_CONDITIONS = DEBUG;
				SWIFT_OPTIMIZATION_LEVEL = "-Onone";
			};
			name = Debug;
		};
		6AF2CBF52077786D00167224 /* Release */ = {
			isa = XCBuildConfiguration;
			buildSettings = {
				ALWAYS_SEARCH_USER_PATHS = NO;
				CLANG_ANALYZER_NONNULL = YES;
				CLANG_ANALYZER_NUMBER_OBJECT_CONVERSION = YES_AGGRESSIVE;
				CLANG_CXX_LANGUAGE_STANDARD = "gnu++14";
				CLANG_CXX_LIBRARY = "libc++";
				CLANG_ENABLE_MODULES = YES;
				CLANG_ENABLE_OBJC_ARC = YES;
				CLANG_WARN_BLOCK_CAPTURE_AUTORELEASING = YES;
				CLANG_WARN_BOOL_CONVERSION = YES;
				CLANG_WARN_COMMA = YES;
				CLANG_WARN_CONSTANT_CONVERSION = YES;
				CLANG_WARN_DIRECT_OBJC_ISA_USAGE = YES_ERROR;
				CLANG_WARN_DOCUMENTATION_COMMENTS = YES;
				CLANG_WARN_EMPTY_BODY = YES;
				CLANG_WARN_ENUM_CONVERSION = YES;
				CLANG_WARN_INFINITE_RECURSION = YES;
				CLANG_WARN_INT_CONVERSION = YES;
				CLANG_WARN_NON_LITERAL_NULL_CONVERSION = YES;
				CLANG_WARN_OBJC_LITERAL_CONVERSION = YES;
				CLANG_WARN_OBJC_ROOT_CLASS = YES_ERROR;
				CLANG_WARN_RANGE_LOOP_ANALYSIS = YES;
				CLANG_WARN_STRICT_PROTOTYPES = YES;
				CLANG_WARN_SUSPICIOUS_MOVE = YES;
				CLANG_WARN_UNGUARDED_AVAILABILITY = YES_AGGRESSIVE;
				CLANG_WARN_UNREACHABLE_CODE = YES;
				CLANG_WARN__DUPLICATE_METHOD_MATCH = YES;
				CODE_SIGN_IDENTITY = "iPhone Developer";
				COPY_PHASE_STRIP = NO;
				DEBUG_INFORMATION_FORMAT = "dwarf-with-dsym";
				ENABLE_NS_ASSERTIONS = NO;
				ENABLE_STRICT_OBJC_MSGSEND = YES;
				GCC_C_LANGUAGE_STANDARD = gnu11;
				GCC_NO_COMMON_BLOCKS = YES;
				GCC_WARN_64_TO_32_BIT_CONVERSION = YES;
				GCC_WARN_ABOUT_RETURN_TYPE = YES_ERROR;
				GCC_WARN_UNDECLARED_SELECTOR = YES;
				GCC_WARN_UNINITIALIZED_AUTOS = YES_AGGRESSIVE;
				GCC_WARN_UNUSED_FUNCTION = YES;
				GCC_WARN_UNUSED_VARIABLE = YES;
				IPHONEOS_DEPLOYMENT_TARGET = 11.2;
				MTL_ENABLE_DEBUG_INFO = NO;
				SDKROOT = iphoneos;
				SWIFT_OPTIMIZATION_LEVEL = "-Owholemodule";
				VALIDATE_PRODUCT = YES;
			};
			name = Release;
		};
		6AF2CBF72077786D00167224 /* Debug */ = {
			isa = XCBuildConfiguration;
			buildSettings = {
				ASSETCATALOG_COMPILER_APPICON_NAME = AppIcon;
				CODE_SIGN_STYLE = Automatic;
				INFOPLIST_FILE = LabThings/Info.plist;
				LD_RUNPATH_SEARCH_PATHS = "$(inherited) @executable_path/Frameworks";
				PRODUCT_BUNDLE_IDENTIFIER = ilkkamie.metropolia.fi.LabThings;
				PRODUCT_NAME = "$(TARGET_NAME)";
				SWIFT_VERSION = 4.0;
				TARGETED_DEVICE_FAMILY = "1,2";
			};
			name = Debug;
		};
		6AF2CBF82077786D00167224 /* Release */ = {
			isa = XCBuildConfiguration;
			buildSettings = {
				ASSETCATALOG_COMPILER_APPICON_NAME = AppIcon;
				CODE_SIGN_STYLE = Automatic;
				INFOPLIST_FILE = LabThings/Info.plist;
				LD_RUNPATH_SEARCH_PATHS = "$(inherited) @executable_path/Frameworks";
				PRODUCT_BUNDLE_IDENTIFIER = ilkkamie.metropolia.fi.LabThings;
				PRODUCT_NAME = "$(TARGET_NAME)";
				SWIFT_VERSION = 4.0;
				TARGETED_DEVICE_FAMILY = "1,2";
			};
			name = Release;
		};
		6AF2CBFA2077786D00167224 /* Debug */ = {
			isa = XCBuildConfiguration;
			buildSettings = {
				ALWAYS_EMBED_SWIFT_STANDARD_LIBRARIES = YES;
				BUNDLE_LOADER = "$(TEST_HOST)";
				CODE_SIGN_STYLE = Automatic;
				INFOPLIST_FILE = LabThingsTests/Info.plist;
				LD_RUNPATH_SEARCH_PATHS = "$(inherited) @executable_path/Frameworks @loader_path/Frameworks";
				PRODUCT_BUNDLE_IDENTIFIER = ilkkamie.metropolia.fi.LabThingsTests;
				PRODUCT_NAME = "$(TARGET_NAME)";
				SWIFT_VERSION = 4.0;
				TARGETED_DEVICE_FAMILY = "1,2";
				TEST_HOST = "$(BUILT_PRODUCTS_DIR)/Lab6.app/Lab6";
			};
			name = Debug;
		};
		6AF2CBFB2077786D00167224 /* Release */ = {
			isa = XCBuildConfiguration;
			buildSettings = {
				ALWAYS_EMBED_SWIFT_STANDARD_LIBRARIES = YES;
				BUNDLE_LOADER = "$(TEST_HOST)";
				CODE_SIGN_STYLE = Automatic;
				INFOPLIST_FILE = LabThingsTests/Info.plist;
				LD_RUNPATH_SEARCH_PATHS = "$(inherited) @executable_path/Frameworks @loader_path/Frameworks";
				PRODUCT_BUNDLE_IDENTIFIER = ilkkamie.metropolia.fi.LabThingsTests;
				PRODUCT_NAME = "$(TARGET_NAME)";
				SWIFT_VERSION = 4.0;
				TARGETED_DEVICE_FAMILY = "1,2";
				TEST_HOST = "$(BUILT_PRODUCTS_DIR)/Lab6.app/Lab6";
			};
			name = Release;
		};
/* End XCBuildConfiguration section */

/* Begin XCConfigurationList section */
		6AF2CBD42077786C00167224 /* Build configuration list for PBXProject "Lab6" */ = {
			isa = XCConfigurationList;
			buildConfigurations = (
				6AF2CBF42077786D00167224 /* Debug */,
				6AF2CBF52077786D00167224 /* Release */,
			);
			defaultConfigurationIsVisible = 0;
			defaultConfigurationName = Release;
		};
		6AF2CBF62077786D00167224 /* Build configuration list for PBXNativeTarget "Lab6" */ = {
			isa = XCConfigurationList;
			buildConfigurations = (
				6AF2CBF72077786D00167224 /* Debug */,
				6AF2CBF82077786D00167224 /* Release */,
			);
			defaultConfigurationIsVisible = 0;
			defaultConfigurationName = Release;
		};
		6AF2CBF92077786D00167224 /* Build configuration list for PBXNativeTarget "Lab6Tests" */ = {
			isa = XCConfigurationList;
			buildConfigurations = (
				6AF2CBFA2077786D00167224 /* Debug */,
				6AF2CBFB2077786D00167224 /* Release */,
			);
			defaultConfigurationIsVisible = 0;
			defaultConfigurationName = Release;
		};
/* End XCConfigurationList section */
	};
	rootObject = 6AF2CBD12077786C00167224 /* Project object */;
}
